
Microsoft Visual Studio Solution File, Format Version 12.00
# Visual Studio Version 16
VisualStudioVersion = 16.0.30320.27
MinimumVisualStudioVersion = 10.0.40219.1
Project("{FAE04EC0-301F-11D3-BF4B-00C04F79EFBC}") = "MyGladiatorProject", "MyGladiatorProject\MyGladiatorProject.csproj", "{2A3AEF8F-24EF-4C25-81FD-61392486B077}"
EndProject
Global
	GlobalSection(SolutionConfigurationPlatforms) = preSolution
		Debug|Any CPU = Debug|Any CPU
		Release|Any CPU = Release|Any CPU
	EndGlobalSection
	GlobalSection(ProjectConfigurationPlatforms) = postSolution
		{2A3AEF8F-24EF-4C25-81FD-61392486B077}.Debug|Any CPU.ActiveCfg = Debug|Any CPU
		{2A3AEF8F-24EF-4C25-81FD-61392486B077}.Debug|Any CPU.Build.0 = Debug|Any CPU
		{2A3AEF8F-24EF-4C25-81FD-61392486B077}.Release|Any CPU.ActiveCfg = Release|Any CPU
		{2A3AEF8F-24EF-4C25-81FD-61392486B077}.Release|Any CPU.Build.0 = Release|Any CPU
	EndGlobalSection
	GlobalSection(SolutionProperties) = preSolution
		HideSolutionNode = FALSE
	EndGlobalSection
	GlobalSection(ExtensibilityGlobals) = postSolution
		SolutionGuid = {C1F65A92-6384-4640-9392-874EA3BFA69E}
	EndGlobalSection
EndGlobal
